
Microsoft Visual Studio Solution File, Format Version 12.00
# Visual Studio 15
VisualStudioVersion = 15.0.26430.14
MinimumVisualStudioVersion = 10.0.40219.1
Project("{FAE04EC0-301F-11D3-BF4B-00C04F79EFBC}") = "SplinterTrip", "ExamExtended\SplinterTrip.csproj", "{0B25BFA5-8051-4A2A-B465-7C7621EEFFDB}"
EndProject
Project("{FAE04EC0-301F-11D3-BF4B-00C04F79EFBC}") = "SpyGram", "SpyGem\SpyGram.csproj", "{CEBB4677-9B5C-44D0-A321-55B05B5B4F0D}"
EndProject
Project("{FAE04EC0-301F-11D3-BF4B-00C04F79EFBC}") = "Spyfer", "Spyfer\Spyfer.csproj", "{DFA4F4EC-4E9E-47CE-A564-CEA781AB8200}"
EndProject
Project("{FAE04EC0-301F-11D3-BF4B-00C04F79EFBC}") = "NSA", "NSA\NSA.csproj", "{9E0540E8-23D0-4B86-9FA6-D11879D5E4DC}"
EndProject
Global
	GlobalSection(SolutionConfigurationPlatforms) = preSolution
		Debug|Any CPU = Debug|Any CPU
		Release|Any CPU = Release|Any CPU
	EndGlobalSection
	GlobalSection(ProjectConfigurationPlatforms) = postSolution
		{0B25BFA5-8051-4A2A-B465-7C7621EEFFDB}.Debug|Any CPU.ActiveCfg = Debug|Any CPU
		{0B25BFA5-8051-4A2A-B465-7C7621EEFFDB}.Debug|Any CPU.Build.0 = Debug|Any CPU
		{0B25BFA5-8051-4A2A-B465-7C7621EEFFDB}.Release|Any CPU.ActiveCfg = Release|Any CPU
		{0B25BFA5-8051-4A2A-B465-7C7621EEFFDB}.Release|Any CPU.Build.0 = Release|Any CPU
		{CEBB4677-9B5C-44D0-A321-55B05B5B4F0D}.Debug|Any CPU.ActiveCfg = Debug|Any CPU
		{CEBB4677-9B5C-44D0-A321-55B05B5B4F0D}.Debug|Any CPU.Build.0 = Debug|Any CPU
		{CEBB4677-9B5C-44D0-A321-55B05B5B4F0D}.Release|Any CPU.ActiveCfg = Release|Any CPU
		{CEBB4677-9B5C-44D0-A321-55B05B5B4F0D}.Release|Any CPU.Build.0 = Release|Any CPU
		{DFA4F4EC-4E9E-47CE-A564-CEA781AB8200}.Debug|Any CPU.ActiveCfg = Debug|Any CPU
		{DFA4F4EC-4E9E-47CE-A564-CEA781AB8200}.Debug|Any CPU.Build.0 = Debug|Any CPU
		{DFA4F4EC-4E9E-47CE-A564-CEA781AB8200}.Release|Any CPU.ActiveCfg = Release|Any CPU
		{DFA4F4EC-4E9E-47CE-A564-CEA781AB8200}.Release|Any CPU.Build.0 = Release|Any CPU
		{9E0540E8-23D0-4B86-9FA6-D11879D5E4DC}.Debug|Any CPU.ActiveCfg = Debug|Any CPU
		{9E0540E8-23D0-4B86-9FA6-D11879D5E4DC}.Debug|Any CPU.Build.0 = Debug|Any CPU
		{9E0540E8-23D0-4B86-9FA6-D11879D5E4DC}.Release|Any CPU.ActiveCfg = Release|Any CPU
		{9E0540E8-23D0-4B86-9FA6-D11879D5E4DC}.Release|Any CPU.Build.0 = Release|Any CPU
	EndGlobalSection
	GlobalSection(SolutionProperties) = preSolution
		HideSolutionNode = FALSE
	EndGlobalSection
EndGlobal
