
Microsoft Visual Studio Solution File, Format Version 12.00
# Visual Studio 15
VisualStudioVersion = 15.0.27703.2018
MinimumVisualStudioVersion = 10.0.40219.1
Project("{FAE04EC0-301F-11D3-BF4B-00C04F79EFBC}") = "Days of week", "Days of week.csproj", "{C81AF5B6-0208-4F05-8F26-E046AF1F2EC1}"
EndProject
Project("{FAE04EC0-301F-11D3-BF4B-00C04F79EFBC}") = "Arrays sum", "Arrays sum\Arrays sum.csproj", "{CB3E9910-E6E1-4406-99AD-F39B4AB84549}"
EndProject
Project("{FAE04EC0-301F-11D3-BF4B-00C04F79EFBC}") = "Triple sum", "Triple sum\Triple sum.csproj", "{5B41FE23-427E-4479-81F0-A57668E32CC8}"
EndProject
Project("{FAE04EC0-301F-11D3-BF4B-00C04F79EFBC}") = "Round", "Round\Round.csproj", "{23CD8D66-81D6-4B83-A339-31B1ADCF72BB}"
EndProject
Project("{FAE04EC0-301F-11D3-BF4B-00C04F79EFBC}") = "Condense array to number", "Condense array to number\Condense array to number.csproj", "{D4FC2B72-AC73-4610-9B91-8E9AC1CC6F51}"
EndProject
Project("{FAE04EC0-301F-11D3-BF4B-00C04F79EFBC}") = "Middle Nums", "Middle Nums\Middle Nums.csproj", "{A147B8C0-5CF7-45DC-86DA-366B70F0F7CD}"
EndProject
Project("{FAE04EC0-301F-11D3-BF4B-00C04F79EFBC}") = "Largest Common End", "Largest Common End\Largest Common End.csproj", "{47227DA5-2531-4E23-8F3F-1DBAB2946871}"
EndProject
Project("{FAE04EC0-301F-11D3-BF4B-00C04F79EFBC}") = "Rotate and sum", "Rotate and sum\Rotate and sum.csproj", "{F483FCA2-AD03-41FB-9F45-0ED01ECE7EF5}"
EndProject
Global
	GlobalSection(SolutionConfigurationPlatforms) = preSolution
		Debug|Any CPU = Debug|Any CPU
		Debug|ARM = Debug|ARM
		Debug|x64 = Debug|x64
		Debug|x86 = Debug|x86
		Release|Any CPU = Release|Any CPU
		Release|ARM = Release|ARM
		Release|x64 = Release|x64
		Release|x86 = Release|x86
	EndGlobalSection
	GlobalSection(ProjectConfigurationPlatforms) = postSolution
		{C81AF5B6-0208-4F05-8F26-E046AF1F2EC1}.Debug|Any CPU.ActiveCfg = Debug|Any CPU
		{C81AF5B6-0208-4F05-8F26-E046AF1F2EC1}.Debug|Any CPU.Build.0 = Debug|Any CPU
		{C81AF5B6-0208-4F05-8F26-E046AF1F2EC1}.Debug|ARM.ActiveCfg = Debug|Any CPU
		{C81AF5B6-0208-4F05-8F26-E046AF1F2EC1}.Debug|x64.ActiveCfg = Debug|Any CPU
		{C81AF5B6-0208-4F05-8F26-E046AF1F2EC1}.Debug|x86.ActiveCfg = Debug|Any CPU
		{C81AF5B6-0208-4F05-8F26-E046AF1F2EC1}.Release|Any CPU.ActiveCfg = Release|Any CPU
		{C81AF5B6-0208-4F05-8F26-E046AF1F2EC1}.Release|Any CPU.Build.0 = Release|Any CPU
		{C81AF5B6-0208-4F05-8F26-E046AF1F2EC1}.Release|ARM.ActiveCfg = Release|Any CPU
		{C81AF5B6-0208-4F05-8F26-E046AF1F2EC1}.Release|x64.ActiveCfg = Release|Any CPU
		{C81AF5B6-0208-4F05-8F26-E046AF1F2EC1}.Release|x86.ActiveCfg = Release|Any CPU
		{CB3E9910-E6E1-4406-99AD-F39B4AB84549}.Debug|Any CPU.ActiveCfg = Debug|Any CPU
		{CB3E9910-E6E1-4406-99AD-F39B4AB84549}.Debug|Any CPU.Build.0 = Debug|Any CPU
		{CB3E9910-E6E1-4406-99AD-F39B4AB84549}.Debug|ARM.ActiveCfg = Debug|Any CPU
		{CB3E9910-E6E1-4406-99AD-F39B4AB84549}.Debug|ARM.Build.0 = Debug|Any CPU
		{CB3E9910-E6E1-4406-99AD-F39B4AB84549}.Debug|x64.ActiveCfg = Debug|Any CPU
		{CB3E9910-E6E1-4406-99AD-F39B4AB84549}.Debug|x64.Build.0 = Debug|Any CPU
		{CB3E9910-E6E1-4406-99AD-F39B4AB84549}.Debug|x86.ActiveCfg = Debug|Any CPU
		{CB3E9910-E6E1-4406-99AD-F39B4AB84549}.Debug|x86.Build.0 = Debug|Any CPU
		{CB3E9910-E6E1-4406-99AD-F39B4AB84549}.Release|Any CPU.ActiveCfg = Release|Any CPU
		{CB3E9910-E6E1-4406-99AD-F39B4AB84549}.Release|Any CPU.Build.0 = Release|Any CPU
		{CB3E9910-E6E1-4406-99AD-F39B4AB84549}.Release|ARM.ActiveCfg = Release|Any CPU
		{CB3E9910-E6E1-4406-99AD-F39B4AB84549}.Release|ARM.Build.0 = Release|Any CPU
		{CB3E9910-E6E1-4406-99AD-F39B4AB84549}.Release|x64.ActiveCfg = Release|Any CPU
		{CB3E9910-E6E1-4406-99AD-F39B4AB84549}.Release|x64.Build.0 = Release|Any CPU
		{CB3E9910-E6E1-4406-99AD-F39B4AB84549}.Release|x86.ActiveCfg = Release|Any CPU
		{CB3E9910-E6E1-4406-99AD-F39B4AB84549}.Release|x86.Build.0 = Release|Any CPU
		{5B41FE23-427E-4479-81F0-A57668E32CC8}.Debug|Any CPU.ActiveCfg = Debug|Any CPU
		{5B41FE23-427E-4479-81F0-A57668E32CC8}.Debug|Any CPU.Build.0 = Debug|Any CPU
		{5B41FE23-427E-4479-81F0-A57668E32CC8}.Debug|ARM.ActiveCfg = Debug|Any CPU
		{5B41FE23-427E-4479-81F0-A57668E32CC8}.Debug|ARM.Build.0 = Debug|Any CPU
		{5B41FE23-427E-4479-81F0-A57668E32CC8}.Debug|x64.ActiveCfg = Debug|Any CPU
		{5B41FE23-427E-4479-81F0-A57668E32CC8}.Debug|x64.Build.0 = Debug|Any CPU
		{5B41FE23-427E-4479-81F0-A57668E32CC8}.Debug|x86.ActiveCfg = Debug|Any CPU
		{5B41FE23-427E-4479-81F0-A57668E32CC8}.Debug|x86.Build.0 = Debug|Any CPU
		{5B41FE23-427E-4479-81F0-A57668E32CC8}.Release|Any CPU.ActiveCfg = Release|Any CPU
		{5B41FE23-427E-4479-81F0-A57668E32CC8}.Release|Any CPU.Build.0 = Release|Any CPU
		{5B41FE23-427E-4479-81F0-A57668E32CC8}.Release|ARM.ActiveCfg = Release|Any CPU
		{5B41FE23-427E-4479-81F0-A57668E32CC8}.Release|ARM.Build.0 = Release|Any CPU
		{5B41FE23-427E-4479-81F0-A57668E32CC8}.Release|x64.ActiveCfg = Release|Any CPU
		{5B41FE23-427E-4479-81F0-A57668E32CC8}.Release|x64.Build.0 = Release|Any CPU
		{5B41FE23-427E-4479-81F0-A57668E32CC8}.Release|x86.ActiveCfg = Release|Any CPU
		{5B41FE23-427E-4479-81F0-A57668E32CC8}.Release|x86.Build.0 = Release|Any CPU
		{23CD8D66-81D6-4B83-A339-31B1ADCF72BB}.Debug|Any CPU.ActiveCfg = Debug|Any CPU
		{23CD8D66-81D6-4B83-A339-31B1ADCF72BB}.Debug|Any CPU.Build.0 = Debug|Any CPU
		{23CD8D66-81D6-4B83-A339-31B1ADCF72BB}.Debug|ARM.ActiveCfg = Debug|Any CPU
		{23CD8D66-81D6-4B83-A339-31B1ADCF72BB}.Debug|ARM.Build.0 = Debug|Any CPU
		{23CD8D66-81D6-4B83-A339-31B1ADCF72BB}.Debug|x64.ActiveCfg = Debug|Any CPU
		{23CD8D66-81D6-4B83-A339-31B1ADCF72BB}.Debug|x64.Build.0 = Debug|Any CPU
		{23CD8D66-81D6-4B83-A339-31B1ADCF72BB}.Debug|x86.ActiveCfg = Debug|Any CPU
		{23CD8D66-81D6-4B83-A339-31B1ADCF72BB}.Debug|x86.Build.0 = Debug|Any CPU
		{23CD8D66-81D6-4B83-A339-31B1ADCF72BB}.Release|Any CPU.ActiveCfg = Release|Any CPU
		{23CD8D66-81D6-4B83-A339-31B1ADCF72BB}.Release|Any CPU.Build.0 = Release|Any CPU
		{23CD8D66-81D6-4B83-A339-31B1ADCF72BB}.Release|ARM.ActiveCfg = Release|Any CPU
		{23CD8D66-81D6-4B83-A339-31B1ADCF72BB}.Release|ARM.Build.0 = Release|Any CPU
		{23CD8D66-81D6-4B83-A339-31B1ADCF72BB}.Release|x64.ActiveCfg = Release|Any CPU
		{23CD8D66-81D6-4B83-A339-31B1ADCF72BB}.Release|x64.Build.0 = Release|Any CPU
		{23CD8D66-81D6-4B83-A339-31B1ADCF72BB}.Release|x86.ActiveCfg = Release|Any CPU
		{23CD8D66-81D6-4B83-A339-31B1ADCF72BB}.Release|x86.Build.0 = Release|Any CPU
		{D4FC2B72-AC73-4610-9B91-8E9AC1CC6F51}.Debug|Any CPU.ActiveCfg = Debug|Any CPU
		{D4FC2B72-AC73-4610-9B91-8E9AC1CC6F51}.Debug|Any CPU.Build.0 = Debug|Any CPU
		{D4FC2B72-AC73-4610-9B91-8E9AC1CC6F51}.Debug|ARM.ActiveCfg = Debug|Any CPU
		{D4FC2B72-AC73-4610-9B91-8E9AC1CC6F51}.Debug|ARM.Build.0 = Debug|Any CPU
		{D4FC2B72-AC73-4610-9B91-8E9AC1CC6F51}.Debug|x64.ActiveCfg = Debug|Any CPU
		{D4FC2B72-AC73-4610-9B91-8E9AC1CC6F51}.Debug|x64.Build.0 = Debug|Any CPU
		{D4FC2B72-AC73-4610-9B91-8E9AC1CC6F51}.Debug|x86.ActiveCfg = Debug|Any CPU
		{D4FC2B72-AC73-4610-9B91-8E9AC1CC6F51}.Debug|x86.Build.0 = Debug|Any CPU
		{D4FC2B72-AC73-4610-9B91-8E9AC1CC6F51}.Release|Any CPU.ActiveCfg = Release|Any CPU
		{D4FC2B72-AC73-4610-9B91-8E9AC1CC6F51}.Release|Any CPU.Build.0 = Release|Any CPU
		{D4FC2B72-AC73-4610-9B91-8E9AC1CC6F51}.Release|ARM.ActiveCfg = Release|Any CPU
		{D4FC2B72-AC73-4610-9B91-8E9AC1CC6F51}.Release|ARM.Build.0 = Release|Any CPU
		{D4FC2B72-AC73-4610-9B91-8E9AC1CC6F51}.Release|x64.ActiveCfg = Release|Any CPU
		{D4FC2B72-AC73-4610-9B91-8E9AC1CC6F51}.Release|x64.Build.0 = Release|Any CPU
		{D4FC2B72-AC73-4610-9B91-8E9AC1CC6F51}.Release|x86.ActiveCfg = Release|Any CPU
		{D4FC2B72-AC73-4610-9B91-8E9AC1CC6F51}.Release|x86.Build.0 = Release|Any CPU
		{A147B8C0-5CF7-45DC-86DA-366B70F0F7CD}.Debug|Any CPU.ActiveCfg = Debug|Any CPU
		{A147B8C0-5CF7-45DC-86DA-366B70F0F7CD}.Debug|Any CPU.Build.0 = Debug|Any CPU
		{A147B8C0-5CF7-45DC-86DA-366B70F0F7CD}.Debug|ARM.ActiveCfg = Debug|Any CPU
		{A147B8C0-5CF7-45DC-86DA-366B70F0F7CD}.Debug|ARM.Build.0 = Debug|Any CPU
		{A147B8C0-5CF7-45DC-86DA-366B70F0F7CD}.Debug|x64.ActiveCfg = Debug|Any CPU
		{A147B8C0-5CF7-45DC-86DA-366B70F0F7CD}.Debug|x64.Build.0 = Debug|Any CPU
		{A147B8C0-5CF7-45DC-86DA-366B70F0F7CD}.Debug|x86.ActiveCfg = Debug|Any CPU
		{A147B8C0-5CF7-45DC-86DA-366B70F0F7CD}.Debug|x86.Build.0 = Debug|Any CPU
		{A147B8C0-5CF7-45DC-86DA-366B70F0F7CD}.Release|Any CPU.ActiveCfg = Release|Any CPU
		{A147B8C0-5CF7-45DC-86DA-366B70F0F7CD}.Release|Any CPU.Build.0 = Release|Any CPU
		{A147B8C0-5CF7-45DC-86DA-366B70F0F7CD}.Release|ARM.ActiveCfg = Release|Any CPU
		{A147B8C0-5CF7-45DC-86DA-366B70F0F7CD}.Release|ARM.Build.0 = Release|Any CPU
		{A147B8C0-5CF7-45DC-86DA-366B70F0F7CD}.Release|x64.ActiveCfg = Release|Any CPU
		{A147B8C0-5CF7-45DC-86DA-366B70F0F7CD}.Release|x64.Build.0 = Release|Any CPU
		{A147B8C0-5CF7-45DC-86DA-366B70F0F7CD}.Release|x86.ActiveCfg = Release|Any CPU
		{A147B8C0-5CF7-45DC-86DA-366B70F0F7CD}.Release|x86.Build.0 = Release|Any CPU
		{47227DA5-2531-4E23-8F3F-1DBAB2946871}.Debug|Any CPU.ActiveCfg = Debug|Any CPU
		{47227DA5-2531-4E23-8F3F-1DBAB2946871}.Debug|Any CPU.Build.0 = Debug|Any CPU
		{47227DA5-2531-4E23-8F3F-1DBAB2946871}.Debug|ARM.ActiveCfg = Debug|Any CPU
		{47227DA5-2531-4E23-8F3F-1DBAB2946871}.Debug|ARM.Build.0 = Debug|Any CPU
		{47227DA5-2531-4E23-8F3F-1DBAB2946871}.Debug|x64.ActiveCfg = Debug|Any CPU
		{47227DA5-2531-4E23-8F3F-1DBAB2946871}.Debug|x64.Build.0 = Debug|Any CPU
		{47227DA5-2531-4E23-8F3F-1DBAB2946871}.Debug|x86.ActiveCfg = Debug|Any CPU
		{47227DA5-2531-4E23-8F3F-1DBAB2946871}.Debug|x86.Build.0 = Debug|Any CPU
		{47227DA5-2531-4E23-8F3F-1DBAB2946871}.Release|Any CPU.ActiveCfg = Release|Any CPU
		{47227DA5-2531-4E23-8F3F-1DBAB2946871}.Release|Any CPU.Build.0 = Release|Any CPU
		{47227DA5-2531-4E23-8F3F-1DBAB2946871}.Release|ARM.ActiveCfg = Release|Any CPU
		{47227DA5-2531-4E23-8F3F-1DBAB2946871}.Release|ARM.Build.0 = Release|Any CPU
		{47227DA5-2531-4E23-8F3F-1DBAB2946871}.Release|x64.ActiveCfg = Release|Any CPU
		{47227DA5-2531-4E23-8F3F-1DBAB2946871}.Release|x64.Build.0 = Release|Any CPU
		{47227DA5-2531-4E23-8F3F-1DBAB2946871}.Release|x86.ActiveCfg = Release|Any CPU
		{47227DA5-2531-4E23-8F3F-1DBAB2946871}.Release|x86.Build.0 = Release|Any CPU
		{F483FCA2-AD03-41FB-9F45-0ED01ECE7EF5}.Debug|Any CPU.ActiveCfg = Debug|Any CPU
		{F483FCA2-AD03-41FB-9F45-0ED01ECE7EF5}.Debug|Any CPU.Build.0 = Debug|Any CPU
		{F483FCA2-AD03-41FB-9F45-0ED01ECE7EF5}.Debug|ARM.ActiveCfg = Debug|Any CPU
		{F483FCA2-AD03-41FB-9F45-0ED01ECE7EF5}.Debug|ARM.Build.0 = Debug|Any CPU
		{F483FCA2-AD03-41FB-9F45-0ED01ECE7EF5}.Debug|x64.ActiveCfg = Debug|Any CPU
		{F483FCA2-AD03-41FB-9F45-0ED01ECE7EF5}.Debug|x64.Build.0 = Debug|Any CPU
		{F483FCA2-AD03-41FB-9F45-0ED01ECE7EF5}.Debug|x86.ActiveCfg = Debug|Any CPU
		{F483FCA2-AD03-41FB-9F45-0ED01ECE7EF5}.Debug|x86.Build.0 = Debug|Any CPU
		{F483FCA2-AD03-41FB-9F45-0ED01ECE7EF5}.Release|Any CPU.ActiveCfg = Release|Any CPU
		{F483FCA2-AD03-41FB-9F45-0ED01ECE7EF5}.Release|Any CPU.Build.0 = Release|Any CPU
		{F483FCA2-AD03-41FB-9F45-0ED01ECE7EF5}.Release|ARM.ActiveCfg = Release|Any CPU
		{F483FCA2-AD03-41FB-9F45-0ED01ECE7EF5}.Release|ARM.Build.0 = Release|Any CPU
		{F483FCA2-AD03-41FB-9F45-0ED01ECE7EF5}.Release|x64.ActiveCfg = Release|Any CPU
		{F483FCA2-AD03-41FB-9F45-0ED01ECE7EF5}.Release|x64.Build.0 = Release|Any CPU
		{F483FCA2-AD03-41FB-9F45-0ED01ECE7EF5}.Release|x86.ActiveCfg = Release|Any CPU
		{F483FCA2-AD03-41FB-9F45-0ED01ECE7EF5}.Release|x86.Build.0 = Release|Any CPU
	EndGlobalSection
	GlobalSection(SolutionProperties) = preSolution
		HideSolutionNode = FALSE
	EndGlobalSection
	GlobalSection(ExtensibilityGlobals) = postSolution
		SolutionGuid = {0478ECEA-528B-48EE-9A33-3444DB11C86C}
	EndGlobalSection
EndGlobal
