
Microsoft Visual Studio Solution File, Format Version 12.00
# Visual Studio 15
VisualStudioVersion = 15.0.26430.14
MinimumVisualStudioVersion = 10.0.40219.1
Project("{FAE04EC0-301F-11D3-BF4B-00C04F79EFBC}") = "MelrahShake", "DebugginExamProblems\MelrahShake.csproj", "{FE666189-E6A7-4AEF-A2D6-C5995447ED51}"
EndProject
Project("{FAE04EC0-301F-11D3-BF4B-00C04F79EFBC}") = "CriticalShake", "CriticalShake\CriticalShake.csproj", "{52651AD7-967F-4F95-B3AC-527CEF1750A4}"
EndProject
Project("{FAE04EC0-301F-11D3-BF4B-00C04F79EFBC}") = "GUnit", "GUnit\GUnit.csproj", "{F3945A8D-890D-4A6C-BD9B-E8BB2CD106F0}"
EndProject
Global
	GlobalSection(SolutionConfigurationPlatforms) = preSolution
		Debug|Any CPU = Debug|Any CPU
		Release|Any CPU = Release|Any CPU
	EndGlobalSection
	GlobalSection(ProjectConfigurationPlatforms) = postSolution
		{FE666189-E6A7-4AEF-A2D6-C5995447ED51}.Debug|Any CPU.ActiveCfg = Debug|Any CPU
		{FE666189-E6A7-4AEF-A2D6-C5995447ED51}.Debug|Any CPU.Build.0 = Debug|Any CPU
		{FE666189-E6A7-4AEF-A2D6-C5995447ED51}.Release|Any CPU.ActiveCfg = Release|Any CPU
		{FE666189-E6A7-4AEF-A2D6-C5995447ED51}.Release|Any CPU.Build.0 = Release|Any CPU
		{52651AD7-967F-4F95-B3AC-527CEF1750A4}.Debug|Any CPU.ActiveCfg = Debug|Any CPU
		{52651AD7-967F-4F95-B3AC-527CEF1750A4}.Debug|Any CPU.Build.0 = Debug|Any CPU
		{52651AD7-967F-4F95-B3AC-527CEF1750A4}.Release|Any CPU.ActiveCfg = Release|Any CPU
		{52651AD7-967F-4F95-B3AC-527CEF1750A4}.Release|Any CPU.Build.0 = Release|Any CPU
		{F3945A8D-890D-4A6C-BD9B-E8BB2CD106F0}.Debug|Any CPU.ActiveCfg = Debug|Any CPU
		{F3945A8D-890D-4A6C-BD9B-E8BB2CD106F0}.Debug|Any CPU.Build.0 = Debug|Any CPU
		{F3945A8D-890D-4A6C-BD9B-E8BB2CD106F0}.Release|Any CPU.ActiveCfg = Release|Any CPU
		{F3945A8D-890D-4A6C-BD9B-E8BB2CD106F0}.Release|Any CPU.Build.0 = Release|Any CPU
	EndGlobalSection
	GlobalSection(SolutionProperties) = preSolution
		HideSolutionNode = FALSE
	EndGlobalSection
EndGlobal
